
Microsoft Visual Studio Solution File, Format Version 12.00
# Visual Studio Version 17
VisualStudioVersion = 17.7.34202.233
MinimumVisualStudioVersion = 10.0.40219.1
Project("{FAE04EC0-301F-11D3-BF4B-00C04F79EFBC}") = "TurkishDraughts", "TurkishDraughts\TurkishDraughts.csproj", "{7869C21B-0819-4685-8895-B04EF44AF2AA}"
EndProject
Global
	GlobalSection(SolutionConfigurationPlatforms) = preSolution
		Debug|Any CPU = Debug|Any CPU
		Release|Any CPU = Release|Any CPU
	EndGlobalSection
	GlobalSection(ProjectConfigurationPlatforms) = postSolution
		{7869C21B-0819-4685-8895-B04EF44AF2AA}.Debug|Any CPU.ActiveCfg = Debug|Any CPU
		{7869C21B-0819-4685-8895-B04EF44AF2AA}.Debug|Any CPU.Build.0 = Debug|Any CPU
		{7869C21B-0819-4685-8895-B04EF44AF2AA}.Release|Any CPU.ActiveCfg = Release|Any CPU
		{7869C21B-0819-4685-8895-B04EF44AF2AA}.Release|Any CPU.Build.0 = Release|Any CPU
	EndGlobalSection
	GlobalSection(SolutionProperties) = preSolution
		HideSolutionNode = FALSE
	EndGlobalSection
	GlobalSection(ExtensibilityGlobals) = postSolution
		SolutionGuid = {4596D77C-F74D-46F4-B778-3703959145C4}
	EndGlobalSection
EndGlobal
